// !$*UTF8*$!
{
	archiveVersion = 1;
	classes = {
	};
	objectVersion = 51;
	objects = {

/* Begin PBXBuildFile section */
		2D963526085C549BBAC6E71A /* Pods_LibraryManagement.framework in Frameworks */ = {isa = PBXBuildFile; fileRef = BB2D8EE137AE49104DF85324 /* Pods_LibraryManagement.framework */; };
		A00D0965264AC79400E4F4E3 /* ProfileVC.swift in Sources */ = {isa = PBXBuildFile; fileRef = A00D0961264AC79400E4F4E3 /* ProfileVC.swift */; };
		A00D0966264AC79400E4F4E3 /* HomeVC.swift in Sources */ = {isa = PBXBuildFile; fileRef = A00D0962264AC79400E4F4E3 /* HomeVC.swift */; };
		A00D0967264AC79400E4F4E3 /* DetailVC.swift in Sources */ = {isa = PBXBuildFile; fileRef = A00D0963264AC79400E4F4E3 /* DetailVC.swift */; };
		A00D0968264AC79400E4F4E3 /* LoginVC.swift in Sources */ = {isa = PBXBuildFile; fileRef = A00D0964264AC79400E4F4E3 /* LoginVC.swift */; };
		A00D096C264AC7D000E4F4E3 /* Extensions.swift in Sources */ = {isa = PBXBuildFile; fileRef = A00D0969264AC7D000E4F4E3 /* Extensions.swift */; };
		A00D096D264AC7D000E4F4E3 /* Methods.swift in Sources */ = {isa = PBXBuildFile; fileRef = A00D096A264AC7D000E4F4E3 /* Methods.swift */; };
		A00D096E264AC7D000E4F4E3 /* Enums.swift in Sources */ = {isa = PBXBuildFile; fileRef = A00D096B264AC7D000E4F4E3 /* Enums.swift */; };
		A00D0972264AC91800E4F4E3 /* BookCell.swift in Sources */ = {isa = PBXBuildFile; fileRef = A00D0970264AC91800E4F4E3 /* BookCell.swift */; };
		A00D0973264AC91800E4F4E3 /* FavoriteCell.swift in Sources */ = {isa = PBXBuildFile; fileRef = A00D0971264AC91800E4F4E3 /* FavoriteCell.swift */; };
		A00D0975264AC93A00E4F4E3 /* Colors.xcassets in Resources */ = {isa = PBXBuildFile; fileRef = A00D0974264AC93A00E4F4E3 /* Colors.xcassets */; };
		A00D0977264ACE8900E4F4E3 /* VideoCell.swift in Sources */ = {isa = PBXBuildFile; fileRef = A00D0976264ACE8900E4F4E3 /* VideoCell.swift */; };
		A047B0732649B00100CB2DA2 /* AppDelegate.swift in Sources */ = {isa = PBXBuildFile; fileRef = A047B0722649B00100CB2DA2 /* AppDelegate.swift */; };
		A047B0752649B00100CB2DA2 /* SceneDelegate.swift in Sources */ = {isa = PBXBuildFile; fileRef = A047B0742649B00100CB2DA2 /* SceneDelegate.swift */; };
		A047B07A2649B00100CB2DA2 /* Main.storyboard in Resources */ = {isa = PBXBuildFile; fileRef = A047B0782649B00100CB2DA2 /* Main.storyboard */; };
		A047B07D2649B00100CB2DA2 /* LibraryManagement.xcdatamodeld in Sources */ = {isa = PBXBuildFile; fileRef = A047B07B2649B00100CB2DA2 /* LibraryManagement.xcdatamodeld */; };
		A047B07F2649B00500CB2DA2 /* Assets.xcassets in Resources */ = {isa = PBXBuildFile; fileRef = A047B07E2649B00500CB2DA2 /* Assets.xcassets */; };
		A047B0822649B00500CB2DA2 /* LaunchScreen.storyboard in Resources */ = {isa = PBXBuildFile; fileRef = A047B0802649B00500CB2DA2 /* LaunchScreen.storyboard */; };
		A047B08D2649B1EA00CB2DA2 /* Video+CoreDataClass.swift in Sources */ = {isa = PBXBuildFile; fileRef = A047B0892649B1EA00CB2DA2 /* Video+CoreDataClass.swift */; };
		A047B08E2649B1EA00CB2DA2 /* Video+CoreDataProperties.swift in Sources */ = {isa = PBXBuildFile; fileRef = A047B08A2649B1EA00CB2DA2 /* Video+CoreDataProperties.swift */; };
		A047B0922649B35400CB2DA2 /* Database.swift in Sources */ = {isa = PBXBuildFile; fileRef = A047B0912649B35400CB2DA2 /* Database.swift */; };
		A047B0942649B42D00CB2DA2 /* Keys.swift in Sources */ = {isa = PBXBuildFile; fileRef = A047B0932649B42D00CB2DA2 /* Keys.swift */; };
		A047B09C2649C36D00CB2DA2 /* BookModel.swift in Sources */ = {isa = PBXBuildFile; fileRef = A047B09B2649C36D00CB2DA2 /* BookModel.swift */; };
		A047B09E2649C3DE00CB2DA2 /* BookStore.json in Resources */ = {isa = PBXBuildFile; fileRef = A047B09D2649C3DE00CB2DA2 /* BookStore.json */; };
		A047B0A02649C42200CB2DA2 /* VideoModel.swift in Sources */ = {isa = PBXBuildFile; fileRef = A047B09F2649C42200CB2DA2 /* VideoModel.swift */; };
		A047B0A22649C45100CB2DA2 /* VideoStore.json in Resources */ = {isa = PBXBuildFile; fileRef = A047B0A12649C45100CB2DA2 /* VideoStore.json */; };
		A047B0B52649D13E00CB2DA2 /* Book+CoreDataClass.swift in Sources */ = {isa = PBXBuildFile; fileRef = A047B0B32649D13E00CB2DA2 /* Book+CoreDataClass.swift */; };
		A047B0B62649D13E00CB2DA2 /* Book+CoreDataProperties.swift in Sources */ = {isa = PBXBuildFile; fileRef = A047B0B42649D13E00CB2DA2 /* Book+CoreDataProperties.swift */; };
/* End PBXBuildFile section */

/* Begin PBXFileReference section */
		2706ED552E994CFD9EA9CEC4 /* Pods-LibraryManagement.debug.xcconfig */ = {isa = PBXFileReference; includeInIndex = 1; lastKnownFileType = text.xcconfig; name = "Pods-LibraryManagement.debug.xcconfig"; path = "Target Support Files/Pods-LibraryManagement/Pods-LibraryManagement.debug.xcconfig"; sourceTree = "<group>"; };
		A00D0961264AC79400E4F4E3 /* ProfileVC.swift */ = {isa = PBXFileReference; fileEncoding = 4; lastKnownFileType = sourcecode.swift; path = ProfileVC.swift; sourceTree = "<group>"; };
		A00D0962264AC79400E4F4E3 /* HomeVC.swift */ = {isa = PBXFileReference; fileEncoding = 4; lastKnownFileType = sourcecode.swift; path = HomeVC.swift; sourceTree = "<group>"; };
		A00D0963264AC79400E4F4E3 /* DetailVC.swift */ = {isa = PBXFileReference; fileEncoding = 4; lastKnownFileType = sourcecode.swift; path = DetailVC.swift; sourceTree = "<group>"; };
		A00D0964264AC79400E4F4E3 /* LoginVC.swift */ = {isa = PBXFileReference; fileEncoding = 4; lastKnownFileType = sourcecode.swift; path = LoginVC.swift; sourceTree = "<group>"; };
		A00D0969264AC7D000E4F4E3 /* Extensions.swift */ = {isa = PBXFileReference; fileEncoding = 4; lastKnownFileType = sourcecode.swift; path = Extensions.swift; sourceTree = "<group>"; };
		A00D096A264AC7D000E4F4E3 /* Methods.swift */ = {isa = PBXFileReference; fileEncoding = 4; lastKnownFileType = sourcecode.swift; path = Methods.swift; sourceTree = "<group>"; };
		A00D096B264AC7D000E4F4E3 /* Enums.swift */ = {isa = PBXFileReference; fileEncoding = 4; lastKnownFileType = sourcecode.swift; path = Enums.swift; sourceTree = "<group>"; };
		A00D0970264AC91800E4F4E3 /* BookCell.swift */ = {isa = PBXFileReference; fileEncoding = 4; lastKnownFileType = sourcecode.swift; path = BookCell.swift; sourceTree = "<group>"; };
		A00D0971264AC91800E4F4E3 /* FavoriteCell.swift */ = {isa = PBXFileReference; fileEncoding = 4; lastKnownFileType = sourcecode.swift; path = FavoriteCell.swift; sourceTree = "<group>"; };
		A00D0974264AC93A00E4F4E3 /* Colors.xcassets */ = {isa = PBXFileReference; lastKnownFileType = folder.assetcatalog; path = Colors.xcassets; sourceTree = "<group>"; };
		A00D0976264ACE8900E4F4E3 /* VideoCell.swift */ = {isa = PBXFileReference; lastKnownFileType = sourcecode.swift; path = VideoCell.swift; sourceTree = "<group>"; };
		A047B06F2649B00100CB2DA2 /* LibraryManagement.app */ = {isa = PBXFileReference; explicitFileType = wrapper.application; includeInIndex = 0; path = LibraryManagement.app; sourceTree = BUILT_PRODUCTS_DIR; };
		A047B0722649B00100CB2DA2 /* AppDelegate.swift */ = {isa = PBXFileReference; lastKnownFileType = sourcecode.swift; path = AppDelegate.swift; sourceTree = "<group>"; };
		A047B0742649B00100CB2DA2 /* SceneDelegate.swift */ = {isa = PBXFileReference; lastKnownFileType = sourcecode.swift; path = SceneDelegate.swift; sourceTree = "<group>"; };
		A047B0792649B00100CB2DA2 /* Base */ = {isa = PBXFileReference; lastKnownFileType = file.storyboard; name = Base; path = Base.lproj/Main.storyboard; sourceTree = "<group>"; };
		A047B07C2649B00100CB2DA2 /* LibraryManagement.xcdatamodel */ = {isa = PBXFileReference; lastKnownFileType = wrapper.xcdatamodel; path = LibraryManagement.xcdatamodel; sourceTree = "<group>"; };
		A047B07E2649B00500CB2DA2 /* Assets.xcassets */ = {isa = PBXFileReference; lastKnownFileType = folder.assetcatalog; path = Assets.xcassets; sourceTree = "<group>"; };
		A047B0812649B00500CB2DA2 /* Base */ = {isa = PBXFileReference; lastKnownFileType = file.storyboard; name = Base; path = Base.lproj/LaunchScreen.storyboard; sourceTree = "<group>"; };
		A047B0832649B00500CB2DA2 /* Info.plist */ = {isa = PBXFileReference; lastKnownFileType = text.plist.xml; path = Info.plist; sourceTree = "<group>"; };
		A047B0892649B1EA00CB2DA2 /* Video+CoreDataClass.swift */ = {isa = PBXFileReference; lastKnownFileType = sourcecode.swift; path = "Video+CoreDataClass.swift"; sourceTree = "<group>"; };
		A047B08A2649B1EA00CB2DA2 /* Video+CoreDataProperties.swift */ = {isa = PBXFileReference; lastKnownFileType = sourcecode.swift; path = "Video+CoreDataProperties.swift"; sourceTree = "<group>"; };
		A047B0912649B35400CB2DA2 /* Database.swift */ = {isa = PBXFileReference; lastKnownFileType = sourcecode.swift; path = Database.swift; sourceTree = "<group>"; };
		A047B0932649B42D00CB2DA2 /* Keys.swift */ = {isa = PBXFileReference; lastKnownFileType = sourcecode.swift; path = Keys.swift; sourceTree = "<group>"; };
		A047B09B2649C36D00CB2DA2 /* BookModel.swift */ = {isa = PBXFileReference; lastKnownFileType = sourcecode.swift; path = BookModel.swift; sourceTree = "<group>"; };
		A047B09D2649C3DE00CB2DA2 /* BookStore.json */ = {isa = PBXFileReference; lastKnownFileType = text.json; path = BookStore.json; sourceTree = "<group>"; };
		A047B09F2649C42200CB2DA2 /* VideoModel.swift */ = {isa = PBXFileReference; lastKnownFileType = sourcecode.swift; path = VideoModel.swift; sourceTree = "<group>"; };
		A047B0A12649C45100CB2DA2 /* VideoStore.json */ = {isa = PBXFileReference; lastKnownFileType = text.json; name = VideoStore.json; path = ../../../../../../VideoStore.json; sourceTree = "<group>"; };
		A047B0B32649D13E00CB2DA2 /* Book+CoreDataClass.swift */ = {isa = PBXFileReference; lastKnownFileType = sourcecode.swift; path = "Book+CoreDataClass.swift"; sourceTree = "<group>"; };
		A047B0B42649D13E00CB2DA2 /* Book+CoreDataProperties.swift */ = {isa = PBXFileReference; lastKnownFileType = sourcecode.swift; path = "Book+CoreDataProperties.swift"; sourceTree = "<group>"; };
		BB2D8EE137AE49104DF85324 /* Pods_LibraryManagement.framework */ = {isa = PBXFileReference; explicitFileType = wrapper.framework; includeInIndex = 0; path = Pods_LibraryManagement.framework; sourceTree = BUILT_PRODUCTS_DIR; };
		C1A424B508BB2363DBF99DBD /* Pods-LibraryManagement.release.xcconfig */ = {isa = PBXFileReference; includeInIndex = 1; lastKnownFileType = text.xcconfig; name = "Pods-LibraryManagement.release.xcconfig"; path = "Target Support Files/Pods-LibraryManagement/Pods-LibraryManagement.release.xcconfig"; sourceTree = "<group>"; };
/* End PBXFileReference section */

/* Begin PBXFrameworksBuildPhase section */
		A047B06C2649B00100CB2DA2 /* Frameworks */ = {
			isa = PBXFrameworksBuildPhase;
			buildActionMask = 2147483647;
			files = (
				2D963526085C549BBAC6E71A /* Pods_LibraryManagement.framework in Frameworks */,
			);
			runOnlyForDeploymentPostprocessing = 0;
		};
/* End PBXFrameworksBuildPhase section */

/* Begin PBXGroup section */
		371CC4B44C78EF6DD1322A24 /* Pods */ = {
			isa = PBXGroup;
			children = (
				2706ED552E994CFD9EA9CEC4 /* Pods-LibraryManagement.debug.xcconfig */,
				C1A424B508BB2363DBF99DBD /* Pods-LibraryManagement.release.xcconfig */,
			);
			path = Pods;
			sourceTree = "<group>";
		};
		7DF0B07765659E981838A98C /* Frameworks */ = {
			isa = PBXGroup;
			children = (
				BB2D8EE137AE49104DF85324 /* Pods_LibraryManagement.framework */,
			);
			name = Frameworks;
			sourceTree = "<group>";
		};
		A00D096F264AC90500E4F4E3 /* Cells */ = {
			isa = PBXGroup;
			children = (
				A00D0970264AC91800E4F4E3 /* BookCell.swift */,
				A00D0976264ACE8900E4F4E3 /* VideoCell.swift */,
				A00D0971264AC91800E4F4E3 /* FavoriteCell.swift */,
			);
			path = Cells;
			sourceTree = "<group>";
		};
		A047B0662649B00100CB2DA2 = {
			isa = PBXGroup;
			children = (
				A047B0B32649D13E00CB2DA2 /* Book+CoreDataClass.swift */,
				A047B0B42649D13E00CB2DA2 /* Book+CoreDataProperties.swift */,
				A047B0892649B1EA00CB2DA2 /* Video+CoreDataClass.swift */,
				A047B08A2649B1EA00CB2DA2 /* Video+CoreDataProperties.swift */,
				A047B0712649B00100CB2DA2 /* LibraryManagement */,
				A047B0702649B00100CB2DA2 /* Products */,
				371CC4B44C78EF6DD1322A24 /* Pods */,
				7DF0B07765659E981838A98C /* Frameworks */,
			);
			sourceTree = "<group>";
		};
		A047B0702649B00100CB2DA2 /* Products */ = {
			isa = PBXGroup;
			children = (
				A047B06F2649B00100CB2DA2 /* LibraryManagement.app */,
			);
			name = Products;
			sourceTree = "<group>";
		};
		A047B0712649B00100CB2DA2 /* LibraryManagement */ = {
			isa = PBXGroup;
			children = (
				A047B0972649B48400CB2DA2 /* App */,
				A047B0962649B47F00CB2DA2 /* Scenes */,
				A047B09A2649B4B800CB2DA2 /* Models */,
				A047B0992649B49000CB2DA2 /* Views */,
				A00D096F264AC90500E4F4E3 /* Cells */,
				A047B0952649B47700CB2DA2 /* Constants */,
				A047B0982649B48700CB2DA2 /* Resources */,
				A047B07E2649B00500CB2DA2 /* Assets.xcassets */,
				A00D0974264AC93A00E4F4E3 /* Colors.xcassets */,
				A047B0832649B00500CB2DA2 /* Info.plist */,
				A047B07B2649B00100CB2DA2 /* LibraryManagement.xcdatamodeld */,
			);
			path = LibraryManagement;
			sourceTree = "<group>";
		};
		A047B0952649B47700CB2DA2 /* Constants */ = {
			isa = PBXGroup;
			children = (
				A047B0932649B42D00CB2DA2 /* Keys.swift */,
				A00D096B264AC7D000E4F4E3 /* Enums.swift */,
				A00D0969264AC7D000E4F4E3 /* Extensions.swift */,
				A00D096A264AC7D000E4F4E3 /* Methods.swift */,
			);
			path = Constants;
			sourceTree = "<group>";
		};
		A047B0962649B47F00CB2DA2 /* Scenes */ = {
			isa = PBXGroup;
			children = (
				A047B0802649B00500CB2DA2 /* LaunchScreen.storyboard */,
				A047B0782649B00100CB2DA2 /* Main.storyboard */,
			);
			path = Scenes;
			sourceTree = "<group>";
		};
		A047B0972649B48400CB2DA2 /* App */ = {
			isa = PBXGroup;
			children = (
				A047B0722649B00100CB2DA2 /* AppDelegate.swift */,
				A047B0742649B00100CB2DA2 /* SceneDelegate.swift */,
			);
			path = App;
			sourceTree = "<group>";
		};
		A047B0982649B48700CB2DA2 /* Resources */ = {
			isa = PBXGroup;
			children = (
				A047B09D2649C3DE00CB2DA2 /* BookStore.json */,
				A047B0A12649C45100CB2DA2 /* VideoStore.json */,
			);
			path = Resources;
			sourceTree = "<group>";
		};
		A047B0992649B49000CB2DA2 /* Views */ = {
			isa = PBXGroup;
			children = (
				A00D0964264AC79400E4F4E3 /* LoginVC.swift */,
				A00D0962264AC79400E4F4E3 /* HomeVC.swift */,
				A00D0963264AC79400E4F4E3 /* DetailVC.swift */,
				A00D0961264AC79400E4F4E3 /* ProfileVC.swift */,
			);
			path = Views;
			sourceTree = "<group>";
		};
		A047B09A2649B4B800CB2DA2 /* Models */ = {
			isa = PBXGroup;
			children = (
				A047B0912649B35400CB2DA2 /* Database.swift */,
				A047B09B2649C36D00CB2DA2 /* BookModel.swift */,
				A047B09F2649C42200CB2DA2 /* VideoModel.swift */,
			);
			path = Models;
			sourceTree = "<group>";
		};
/* End PBXGroup section */

/* Begin PBXNativeTarget section */
		A047B06E2649B00100CB2DA2 /* LibraryManagement */ = {
			isa = PBXNativeTarget;
			buildConfigurationList = A047B0862649B00500CB2DA2 /* Build configuration list for PBXNativeTarget "LibraryManagement" */;
			buildPhases = (
				AC73CE461293E5A58F7609E0 /* [CP] Check Pods Manifest.lock */,
				A047B06B2649B00100CB2DA2 /* Sources */,
				A047B06C2649B00100CB2DA2 /* Frameworks */,
				A047B06D2649B00100CB2DA2 /* Resources */,
				2D247BE9464300BBFD5C3718 /* [CP] Embed Pods Frameworks */,
			);
			buildRules = (
			);
			dependencies = (
			);
			name = LibraryManagement;
			productName = LibraryManagement;
			productReference = A047B06F2649B00100CB2DA2 /* LibraryManagement.app */;
			productType = "com.apple.product-type.application";
		};
/* End PBXNativeTarget section */

/* Begin PBXProject section */
		A047B0672649B00100CB2DA2 /* Project object */ = {
			isa = PBXProject;
			attributes = {
				LastSwiftUpdateCheck = 1250;
				LastUpgradeCheck = 1250;
				TargetAttributes = {
					A047B06E2649B00100CB2DA2 = {
						CreatedOnToolsVersion = 12.5;
					};
				};
			};
			buildConfigurationList = A047B06A2649B00100CB2DA2 /* Build configuration list for PBXProject "LibraryManagement" */;
			compatibilityVersion = "Xcode 9.3";
			developmentRegion = en;
			hasScannedForEncodings = 0;
			knownRegions = (
				en,
				Base,
			);
			mainGroup = A047B0662649B00100CB2DA2;
			productRefGroup = A047B0702649B00100CB2DA2 /* Products */;
			projectDirPath = "";
			projectRoot = "";
			targets = (
				A047B06E2649B00100CB2DA2 /* LibraryManagement */,
			);
		};
/* End PBXProject section */

/* Begin PBXResourcesBuildPhase section */
		A047B06D2649B00100CB2DA2 /* Resources */ = {
			isa = PBXResourcesBuildPhase;
			buildActionMask = 2147483647;
			files = (
				A047B0822649B00500CB2DA2 /* LaunchScreen.storyboard in Resources */,
				A047B07F2649B00500CB2DA2 /* Assets.xcassets in Resources */,
				A047B09E2649C3DE00CB2DA2 /* BookStore.json in Resources */,
				A00D0975264AC93A00E4F4E3 /* Colors.xcassets in Resources */,
				A047B07A2649B00100CB2DA2 /* Main.storyboard in Resources */,
				A047B0A22649C45100CB2DA2 /* VideoStore.json in Resources */,
			);
			runOnlyForDeploymentPostprocessing = 0;
		};
/* End PBXResourcesBuildPhase section */

/* Begin PBXShellScriptBuildPhase section */
		2D247BE9464300BBFD5C3718 /* [CP] Embed Pods Frameworks */ = {
			isa = PBXShellScriptBuildPhase;
			buildActionMask = 2147483647;
			files = (
			);
			inputFileListPaths = (
				"${PODS_ROOT}/Target Support Files/Pods-LibraryManagement/Pods-LibraryManagement-frameworks-${CONFIGURATION}-input-files.xcfilelist",
			);
			name = "[CP] Embed Pods Frameworks";
			outputFileListPaths = (
				"${PODS_ROOT}/Target Support Files/Pods-LibraryManagement/Pods-LibraryManagement-frameworks-${CONFIGURATION}-output-files.xcfilelist",
			);
			runOnlyForDeploymentPostprocessing = 0;
			shellPath = /bin/sh;
			shellScript = "\"${PODS_ROOT}/Target Support Files/Pods-LibraryManagement/Pods-LibraryManagement-frameworks.sh\"\n";
			showEnvVarsInLog = 0;
		};
		AC73CE461293E5A58F7609E0 /* [CP] Check Pods Manifest.lock */ = {
			isa = PBXShellScriptBuildPhase;
			buildActionMask = 2147483647;
			files = (
			);
			inputFileListPaths = (
			);
			inputPaths = (
				"${PODS_PODFILE_DIR_PATH}/Podfile.lock",
				"${PODS_ROOT}/Manifest.lock",
			);
			name = "[CP] Check Pods Manifest.lock";
			outputFileListPaths = (
			);
			outputPaths = (
				"$(DERIVED_FILE_DIR)/Pods-LibraryManagement-checkManifestLockResult.txt",
			);
			runOnlyForDeploymentPostprocessing = 0;
			shellPath = /bin/sh;
			shellScript = "diff \"${PODS_PODFILE_DIR_PATH}/Podfile.lock\" \"${PODS_ROOT}/Manifest.lock\" > /dev/null\nif [ $? != 0 ] ; then\n    # print error to STDERR\n    echo \"error: The sandbox is not in sync with the Podfile.lock. Run 'pod install' or update your CocoaPods installation.\" >&2\n    exit 1\nfi\n# This output is used by Xcode 'outputs' to avoid re-running this script phase.\necho \"SUCCESS\" > \"${SCRIPT_OUTPUT_FILE_0}\"\n";
			showEnvVarsInLog = 0;
		};
/* End PBXShellScriptBuildPhase section */

/* Begin PBXSourcesBuildPhase section */
		A047B06B2649B00100CB2DA2 /* Sources */ = {
			isa = PBXSourcesBuildPhase;
			buildActionMask = 2147483647;
			files = (
				A047B08D2649B1EA00CB2DA2 /* Video+CoreDataClass.swift in Sources */,
				A00D0966264AC79400E4F4E3 /* HomeVC.swift in Sources */,
				A047B07D2649B00100CB2DA2 /* LibraryManagement.xcdatamodeld in Sources */,
				A047B0B62649D13E00CB2DA2 /* Book+CoreDataProperties.swift in Sources */,
				A00D0972264AC91800E4F4E3 /* BookCell.swift in Sources */,
				A00D0967264AC79400E4F4E3 /* DetailVC.swift in Sources */,
				A047B09C2649C36D00CB2DA2 /* BookModel.swift in Sources */,
				A047B0732649B00100CB2DA2 /* AppDelegate.swift in Sources */,
				A00D0977264ACE8900E4F4E3 /* VideoCell.swift in Sources */,
				A00D0973264AC91800E4F4E3 /* FavoriteCell.swift in Sources */,
				A047B0752649B00100CB2DA2 /* SceneDelegate.swift in Sources */,
				A047B0A02649C42200CB2DA2 /* VideoModel.swift in Sources */,
				A00D0968264AC79400E4F4E3 /* LoginVC.swift in Sources */,
				A00D0965264AC79400E4F4E3 /* ProfileVC.swift in Sources */,
				A00D096E264AC7D000E4F4E3 /* Enums.swift in Sources */,
				A00D096C264AC7D000E4F4E3 /* Extensions.swift in Sources */,
				A047B0922649B35400CB2DA2 /* Database.swift in Sources */,
				A047B0B52649D13E00CB2DA2 /* Book+CoreDataClass.swift in Sources */,
				A00D096D264AC7D000E4F4E3 /* Methods.swift in Sources */,
				A047B08E2649B1EA00CB2DA2 /* Video+CoreDataProperties.swift in Sources */,
				A047B0942649B42D00CB2DA2 /* Keys.swift in Sources */,
			);
			runOnlyForDeploymentPostprocessing = 0;
		};
/* End PBXSourcesBuildPhase section */

/* Begin PBXVariantGroup section */
		A047B0782649B00100CB2DA2 /* Main.storyboard */ = {
			isa = PBXVariantGroup;
			children = (
				A047B0792649B00100CB2DA2 /* Base */,
			);
			name = Main.storyboard;
			sourceTree = "<group>";
		};
		A047B0802649B00500CB2DA2 /* LaunchScreen.storyboard */ = {
			isa = PBXVariantGroup;
			children = (
				A047B0812649B00500CB2DA2 /* Base */,
			);
			name = LaunchScreen.storyboard;
			sourceTree = "<group>";
		};
/* End PBXVariantGroup section */

/* Begin XCBuildConfiguration section */
		A047B0842649B00500CB2DA2 /* Debug */ = {
			isa = XCBuildConfiguration;
			buildSettings = {
				ALWAYS_SEARCH_USER_PATHS = NO;
				CLANG_ANALYZER_NONNULL = YES;
				CLANG_ANALYZER_NUMBER_OBJECT_CONVERSION = YES_AGGRESSIVE;
				CLANG_CXX_LANGUAGE_STANDARD = "gnu++14";
				CLANG_CXX_LIBRARY = "libc++";
				CLANG_ENABLE_MODULES = YES;
				CLANG_ENABLE_OBJC_ARC = YES;
				CLANG_ENABLE_OBJC_WEAK = YES;
				CLANG_WARN_BLOCK_CAPTURE_AUTORELEASING = YES;
				CLANG_WARN_BOOL_CONVERSION = YES;
				CLANG_WARN_COMMA = YES;
				CLANG_WARN_CONSTANT_CONVERSION = YES;
				CLANG_WARN_DEPRECATED_OBJC_IMPLEMENTATIONS = YES;
				CLANG_WARN_DIRECT_OBJC_ISA_USAGE = YES_ERROR;
				CLANG_WARN_DOCUMENTATION_COMMENTS = YES;
				CLANG_WARN_EMPTY_BODY = YES;
				CLANG_WARN_ENUM_CONVERSION = YES;
				CLANG_WARN_INFINITE_RECURSION = YES;
				CLANG_WARN_INT_CONVERSION = YES;
				CLANG_WARN_NON_LITERAL_NULL_CONVERSION = YES;
				CLANG_WARN_OBJC_IMPLICIT_RETAIN_SELF = YES;
				CLANG_WARN_OBJC_LITERAL_CONVERSION = YES;
				CLANG_WARN_OBJC_ROOT_CLASS = YES_ERROR;
				CLANG_WARN_QUOTED_INCLUDE_IN_FRAMEWORK_HEADER = YES;
				CLANG_WARN_RANGE_LOOP_ANALYSIS = YES;
				CLANG_WARN_STRICT_PROTOTYPES = YES;
				CLANG_WARN_SUSPICIOUS_MOVE = YES;
				CLANG_WARN_UNGUARDED_AVAILABILITY = YES_AGGRESSIVE;
				CLANG_WARN_UNREACHABLE_CODE = YES;
				CLANG_WARN__DUPLICATE_METHOD_MATCH = YES;
				COPY_PHASE_STRIP = NO;
				DEBUG_INFORMATION_FORMAT = dwarf;
				ENABLE_STRICT_OBJC_MSGSEND = YES;
				ENABLE_TESTABILITY = YES;
				GCC_C_LANGUAGE_STANDARD = gnu11;
				GCC_DYNAMIC_NO_PIC = NO;
				GCC_NO_COMMON_BLOCKS = YES;
				GCC_OPTIMIZATION_LEVEL = 0;
				GCC_PREPROCESSOR_DEFINITIONS = (
					"DEBUG=1",
					"$(inherited)",
				);
				GCC_WARN_64_TO_32_BIT_CONVERSION = YES;
				GCC_WARN_ABOUT_RETURN_TYPE = YES_ERROR;
				GCC_WARN_UNDECLARED_SELECTOR = YES;
				GCC_WARN_UNINITIALIZED_AUTOS = YES_AGGRESSIVE;
				GCC_WARN_UNUSED_FUNCTION = YES;
				GCC_WARN_UNUSED_VARIABLE = YES;
				IPHONEOS_DEPLOYMENT_TARGET = 14.5;
				MTL_ENABLE_DEBUG_INFO = INCLUDE_SOURCE;
				MTL_FAST_MATH = YES;
				ONLY_ACTIVE_ARCH = YES;
				SDKROOT = iphoneos;
				SWIFT_ACTIVE_COMPILATION_CONDITIONS = DEBUG;
				SWIFT_OPTIMIZATION_LEVEL = "-Onone";
			};
			name = Debug;
		};
		A047B0852649B00500CB2DA2 /* Release */ = {
			isa = XCBuildConfiguration;
			buildSettings = {
				ALWAYS_SEARCH_USER_PATHS = NO;
				CLANG_ANALYZER_NONNULL = YES;
				CLANG_ANALYZER_NUMBER_OBJECT_CONVERSION = YES_AGGRESSIVE;
				CLANG_CXX_LANGUAGE_STANDARD = "gnu++14";
				CLANG_CXX_LIBRARY = "libc++";
				CLANG_ENABLE_MODULES = YES;
				CLANG_ENABLE_OBJC_ARC = YES;
				CLANG_ENABLE_OBJC_WEAK = YES;
				CLANG_WARN_BLOCK_CAPTURE_AUTORELEASING = YES;
				CLANG_WARN_BOOL_CONVERSION = YES;
				CLANG_WARN_COMMA = YES;
				CLANG_WARN_CONSTANT_CONVERSION = YES;
				CLANG_WARN_DEPRECATED_OBJC_IMPLEMENTATIONS = YES;
				CLANG_WARN_DIRECT_OBJC_ISA_USAGE = YES_ERROR;
				CLANG_WARN_DOCUMENTATION_COMMENTS = YES;
				CLANG_WARN_EMPTY_BODY = YES;
				CLANG_WARN_ENUM_CONVERSION = YES;
				CLANG_WARN_INFINITE_RECURSION = YES;
				CLANG_WARN_INT_CONVERSION = YES;
				CLANG_WARN_NON_LITERAL_NULL_CONVERSION = YES;
				CLANG_WARN_OBJC_IMPLICIT_RETAIN_SELF = YES;
				CLANG_WARN_OBJC_LITERAL_CONVERSION = YES;
				CLANG_WARN_OBJC_ROOT_CLASS = YES_ERROR;
				CLANG_WARN_QUOTED_INCLUDE_IN_FRAMEWORK_HEADER = YES;
				CLANG_WARN_RANGE_LOOP_ANALYSIS = YES;
				CLANG_WARN_STRICT_PROTOTYPES = YES;
				CLANG_WARN_SUSPICIOUS_MOVE = YES;
				CLANG_WARN_UNGUARDED_AVAILABILITY = YES_AGGRESSIVE;
				CLANG_WARN_UNREACHABLE_CODE = YES;
				CLANG_WARN__DUPLICATE_METHOD_MATCH = YES;
				COPY_PHASE_STRIP = NO;
				DEBUG_INFORMATION_FORMAT = "dwarf-with-dsym";
				ENABLE_NS_ASSERTIONS = NO;
				ENABLE_STRICT_OBJC_MSGSEND = YES;
				GCC_C_LANGUAGE_STANDARD = gnu11;
				GCC_NO_COMMON_BLOCKS = YES;
				GCC_WARN_64_TO_32_BIT_CONVERSION = YES;
				GCC_WARN_ABOUT_RETURN_TYPE = YES_ERROR;
				GCC_WARN_UNDECLARED_SELECTOR = YES;
				GCC_WARN_UNINITIALIZED_AUTOS = YES_AGGRESSIVE;
				GCC_WARN_UNUSED_FUNCTION = YES;
				GCC_WARN_UNUSED_VARIABLE = YES;
				IPHONEOS_DEPLOYMENT_TARGET = 14.5;
				MTL_ENABLE_DEBUG_INFO = NO;
				MTL_FAST_MATH = YES;
				SDKROOT = iphoneos;
				SWIFT_COMPILATION_MODE = wholemodule;
				SWIFT_OPTIMIZATION_LEVEL = "-O";
				VALIDATE_PRODUCT = YES;
			};
			name = Release;
		};
		A047B0872649B00500CB2DA2 /* Debug */ = {
			isa = XCBuildConfiguration;
			baseConfigurationReference = 2706ED552E994CFD9EA9CEC4 /* Pods-LibraryManagement.debug.xcconfig */;
			buildSettings = {
				ASSETCATALOG_COMPILER_APPICON_NAME = AppIcon;
				ASSETCATALOG_COMPILER_GLOBAL_ACCENT_COLOR_NAME = AccentColor;
				CODE_SIGN_STYLE = Automatic;
				INFOPLIST_FILE = LibraryManagement/Info.plist;
				LD_RUNPATH_SEARCH_PATHS = (
					"$(inherited)",
					"@executable_path/Frameworks",
				);
				PRODUCT_BUNDLE_IDENTIFIER = com.ersoy.LibraryManagement;
				PRODUCT_NAME = "$(TARGET_NAME)";
				SWIFT_VERSION = 5.0;
				TARGETED_DEVICE_FAMILY = 1;
			};
			name = Debug;
		};
		A047B0882649B00500CB2DA2 /* Release */ = {
			isa = XCBuildConfiguration;
			baseConfigurationReference = C1A424B508BB2363DBF99DBD /* Pods-LibraryManagement.release.xcconfig */;
			buildSettings = {
				ASSETCATALOG_COMPILER_APPICON_NAME = AppIcon;
				ASSETCATALOG_COMPILER_GLOBAL_ACCENT_COLOR_NAME = AccentColor;
				CODE_SIGN_STYLE = Automatic;
				INFOPLIST_FILE = LibraryManagement/Info.plist;
				LD_RUNPATH_SEARCH_PATHS = (
					"$(inherited)",
					"@executable_path/Frameworks",
				);
				PRODUCT_BUNDLE_IDENTIFIER = com.ersoy.LibraryManagement;
				PRODUCT_NAME = "$(TARGET_NAME)";
				SWIFT_VERSION = 5.0;
				TARGETED_DEVICE_FAMILY = 1;
			};
			name = Release;
		};
/* End XCBuildConfiguration section */

/* Begin XCConfigurationList section */
		A047B06A2649B00100CB2DA2 /* Build configuration list for PBXProject "LibraryManagement" */ = {
			isa = XCConfigurationList;
			buildConfigurations = (
				A047B0842649B00500CB2DA2 /* Debug */,
				A047B0852649B00500CB2DA2 /* Release */,
			);
			defaultConfigurationIsVisible = 0;
			defaultConfigurationName = Release;
		};
		A047B0862649B00500CB2DA2 /* Build configuration list for PBXNativeTarget "LibraryManagement" */ = {
			isa = XCConfigurationList;
			buildConfigurations = (
				A047B0872649B00500CB2DA2 /* Debug */,
				A047B0882649B00500CB2DA2 /* Release */,
			);
			defaultConfigurationIsVisible = 0;
			defaultConfigurationName = Release;
		};
/* End XCConfigurationList section */

/* Begin XCVersionGroup section */
		A047B07B2649B00100CB2DA2 /* LibraryManagement.xcdatamodeld */ = {
			isa = XCVersionGroup;
			children = (
				A047B07C2649B00100CB2DA2 /* LibraryManagement.xcdatamodel */,
			);
			currentVersion = A047B07C2649B00100CB2DA2 /* LibraryManagement.xcdatamodel */;
			path = LibraryManagement.xcdatamodeld;
			sourceTree = "<group>";
			versionGroupType = wrapper.xcdatamodel;
		};
/* End XCVersionGroup section */
	};
	rootObject = A047B0672649B00100CB2DA2 /* Project object */;
}
